
Microsoft Visual Studio Solution File, Format Version 12.00
# Visual Studio Version 17
VisualStudioVersion = 17.7.34024.191
MinimumVisualStudioVersion = 10.0.40219.1
Project("{FAE04EC0-301F-11D3-BF4B-00C04F79EFBC}") = "SkillFactory - C# - 4 Module", "SkillFactory - C# - 4 Module.csproj", "{BCF1DD97-372B-4138-BE37-962706A27F04}"
EndProject
Global
	GlobalSection(SolutionConfigurationPlatforms) = preSolution
		Debug|Any CPU = Debug|Any CPU
		Release|Any CPU = Release|Any CPU
	EndGlobalSection
	GlobalSection(ProjectConfigurationPlatforms) = postSolution
		{BCF1DD97-372B-4138-BE37-962706A27F04}.Debug|Any CPU.ActiveCfg = Debug|Any CPU
		{BCF1DD97-372B-4138-BE37-962706A27F04}.Debug|Any CPU.Build.0 = Debug|Any CPU
		{BCF1DD97-372B-4138-BE37-962706A27F04}.Release|Any CPU.ActiveCfg = Release|Any CPU
		{BCF1DD97-372B-4138-BE37-962706A27F04}.Release|Any CPU.Build.0 = Release|Any CPU
	EndGlobalSection
	GlobalSection(SolutionProperties) = preSolution
		HideSolutionNode = FALSE
	EndGlobalSection
	GlobalSection(ExtensibilityGlobals) = postSolution
		SolutionGuid = {A8A29DD2-19DB-4538-965C-91712109F292}
	EndGlobalSection
EndGlobal
